<?xml version="1.0" encoding="utf-8"?>
<Project ToolsVersion="4.0" xmlns="http://schemas.microsoft.com/developer/msbuild/2003">
  <ItemGroup>
    <Filter Include="Исходные файлы">
      <UniqueIdentifier>{4FC737F1-C7A5-4376-A066-2A32D752A2FF}</UniqueIdentifier>
      <Extensions>cpp;c;cc;cxx;def;odl;idl;hpj;bat;asm;asmx</Extensions>
    </Filter>
    <Filter Include="Файлы заголовков">
      <UniqueIdentifier>{93995380-89BD-4b04-88EB-625FBE52EBFB}</UniqueIdentifier>
      <Extensions>h;hh;hpp;hxx;hm;inl;inc;ipp;xsd</Extensions>
    </Filter>
    <Filter Include="Файлы ресурсов">
      <UniqueIdentifier>{67DA6AB6-F800-4c08-8B7A-83BB121AAD01}</UniqueIdentifier>
      <Extensions>rc;ico;cur;bmp;dlg;rc2;rct;bin;rgs;gif;jpg;jpeg;jpe;resx;tiff;tif;png;wav;mfcribbon-ms</Extensions>
    </Filter>
    <Filter Include="BigInteger">
      <UniqueIdentifier>{d8ac9147-41c9-4204-ab38-87968c1ee3bf}</UniqueIdentifier>
    </Filter>
    <Filter Include="Common">
      <UniqueIdentifier>{f8608100-94e8-40c7-81e4-70afe6c1c648}</UniqueIdentifier>
    </Filter>
  </ItemGroup>
  <ItemGroup>
    <ClCompile Include="main.cpp">
      <Filter>Исходные файлы</Filter>
    </ClCompile>
    <ClCompile Include="BigInteger\BigInteger.cc">
      <Filter>BigInteger</Filter>
    </ClCompile>
    <ClCompile Include="BigInteger\BigIntegerAlgorithms.cc">
      <Filter>BigInteger</Filter>
    </ClCompile>
    <ClCompile Include="BigInteger\BigIntegerUtils.cc">
      <Filter>BigInteger</Filter>
    </ClCompile>
    <ClCompile Include="BigInteger\BigUnsigned.cc">
      <Filter>BigInteger</Filter>
    </ClCompile>
    <ClCompile Include="BigInteger\BigUnsignedInABase.cc">
      <Filter>BigInteger</Filter>
    </ClCompile>
    <ClCompile Include="ElGamal.cpp">
      <Filter>Исходные файлы</Filter>
    </ClCompile>
    <ClCompile Include="Session.cpp">
      <Filter>Исходные файлы</Filter>
    </ClCompile>
    <ClCompile Include="Decryptor.cpp">
      <Filter>Исходные файлы</Filter>
    </ClCompile>
  </ItemGroup>
  <ItemGroup>
    <ClInclude Include="BigInteger\BigInteger.hh">
      <Filter>BigInteger</Filter>
    </ClInclude>
    <ClInclude Include="BigInteger\BigIntegerAlgorithms.hh">
      <Filter>BigInteger</Filter>
    </ClInclude>
    <ClInclude Include="BigInteger\BigIntegerLibrary.hh">
      <Filter>BigInteger</Filter>
    </ClInclude>
    <ClInclude Include="BigInteger\BigIntegerUtils.hh">
      <Filter>BigInteger</Filter>
    </ClInclude>
    <ClInclude Include="BigInteger\BigUnsigned.hh">
      <Filter>BigInteger</Filter>
    </ClInclude>
    <ClInclude Include="BigInteger\BigUnsignedInABase.hh">
      <Filter>BigInteger</Filter>
    </ClInclude>
    <ClInclude Include="BigInteger\NumberlikeArray.hh">
      <Filter>BigInteger</Filter>
    </ClInclude>
    <ClInclude Include="ElGamal.h">
      <Filter>Файлы заголовков</Filter>
    </ClInclude>
    <ClInclude Include="Session.h">
      <Filter>Файлы заголовков</Filter>
    </ClInclude>
    <ClInclude Include="Decryptor.h">
      <Filter>Файлы заголовков</Filter>
    </ClInclude>
    <ClInclude Include="..\Common\Common.h">
      <Filter>Common</Filter>
    </ClInclude>
  </ItemGroup>
</Project>